
Microsoft Visual Studio Solution File, Format Version 12.00
# Visual Studio 14
VisualStudioVersion = 14.0.25420.1
MinimumVisualStudioVersion = 10.0.40219.1
Project("{8BC9CEB8-8B4A-11D0-8D11-00A0C91BC942}") = "01_布局管理的实现", "01_布局管理的实现\01_布局管理的实现.vcxproj", "{7C8B506E-CFA7-4380-8738-C07DCD986E94}"
EndProject
Project("{8BC9CEB8-8B4A-11D0-8D11-00A0C91BC942}") = "02_文件IO操作", "02_文件IO操作\02_文件IO操作.vcxproj", "{67BD6F04-8124-4ACD-8DBE-E00005ECD7D1}"
EndProject
Project("{8BC9CEB8-8B4A-11D0-8D11-00A0C91BC942}") = "03_更换窗体背景", "03_更换窗体背景\03_更换窗体背景.vcxproj", "{9D4E585D-30BD-40AB-B04A-F46906B2F9BD}"
EndProject
Project("{8BC9CEB8-8B4A-11D0-8D11-00A0C91BC942}") = "04_启动新进程", "04_启动新进程\04_启动新进程.vcxproj", "{70B8903F-B83D-4A64-8F42-40A246BA67DD}"
EndProject
Project("{8BC9CEB8-8B4A-11D0-8D11-00A0C91BC942}") = "05_文本操作", "05_文本操作\05_文本操作.vcxproj", "{C9F5E0B1-0BFD-4462-B4A7-10232CA6A7FA}"
EndProject
Project("{8BC9CEB8-8B4A-11D0-8D11-00A0C91BC942}") = "06_01_DllDemo", "06_01_DllDemo\06_01_DllDemo.vcxproj", "{040579B1-9848-4104-A257-B9003B4524E0}"
EndProject
Project("{8BC9CEB8-8B4A-11D0-8D11-00A0C91BC942}") = "06_02_DllDemoTest", "06_02_DllDemoTest\06_02_DllDemoTest.vcxproj", "{C39970E1-3610-40D9-B91B-041CB9752F1A}"
EndProject
Project("{8BC9CEB8-8B4A-11D0-8D11-00A0C91BC942}") = "06_02_DllDemo2", "06_02_DllDemo2\06_02_DllDemo2.vcxproj", "{63B8537A-8BC8-49C1-B8FE-C77BC4E907B8}"
EndProject
Project("{8BC9CEB8-8B4A-11D0-8D11-00A0C91BC942}") = "07_01_替换鼠标指针", "07_01_替换鼠标指针\07_01_替换鼠标指针.vcxproj", "{9FDCAB47-DB9D-44F7-A40E-B56510731D10}"
EndProject
Project("{8BC9CEB8-8B4A-11D0-8D11-00A0C91BC942}") = "08_Demo_Ribbon", "08_Demo_Ribbon\08_Demo_Ribbon.vcxproj", "{8BB7243D-B687-46DE-8D4A-23BF896B3439}"
EndProject
Project("{8BC9CEB8-8B4A-11D0-8D11-00A0C91BC942}") = "09_Redo_Undo_Demo", "09_Redo_Undo_Demo\09_Redo_Undo_Demo.vcxproj", "{1D28A719-E8B8-450D-B8B0-5B783363FD8E}"
EndProject
Project("{8BC9CEB8-8B4A-11D0-8D11-00A0C91BC942}") = "10_CFile_CFileStatus", "10_CFile_CFileStatus\10_CFile_CFileStatus.vcxproj", "{E326AFE4-C72B-431B-864B-1A618AC2ECA8}"
EndProject
Global
	GlobalSection(SolutionConfigurationPlatforms) = preSolution
		Debug|x64 = Debug|x64
		Debug|x86 = Debug|x86
		Release|x64 = Release|x64
		Release|x86 = Release|x86
	EndGlobalSection
	GlobalSection(ProjectConfigurationPlatforms) = postSolution
		{7C8B506E-CFA7-4380-8738-C07DCD986E94}.Debug|x64.ActiveCfg = Debug|x64
		{7C8B506E-CFA7-4380-8738-C07DCD986E94}.Debug|x64.Build.0 = Debug|x64
		{7C8B506E-CFA7-4380-8738-C07DCD986E94}.Debug|x86.ActiveCfg = Debug|Win32
		{7C8B506E-CFA7-4380-8738-C07DCD986E94}.Debug|x86.Build.0 = Debug|Win32
		{7C8B506E-CFA7-4380-8738-C07DCD986E94}.Release|x64.ActiveCfg = Release|x64
		{7C8B506E-CFA7-4380-8738-C07DCD986E94}.Release|x64.Build.0 = Release|x64
		{7C8B506E-CFA7-4380-8738-C07DCD986E94}.Release|x86.ActiveCfg = Release|Win32
		{7C8B506E-CFA7-4380-8738-C07DCD986E94}.Release|x86.Build.0 = Release|Win32
		{67BD6F04-8124-4ACD-8DBE-E00005ECD7D1}.Debug|x64.ActiveCfg = Debug|x64
		{67BD6F04-8124-4ACD-8DBE-E00005ECD7D1}.Debug|x64.Build.0 = Debug|x64
		{67BD6F04-8124-4ACD-8DBE-E00005ECD7D1}.Debug|x86.ActiveCfg = Debug|Win32
		{67BD6F04-8124-4ACD-8DBE-E00005ECD7D1}.Debug|x86.Build.0 = Debug|Win32
		{67BD6F04-8124-4ACD-8DBE-E00005ECD7D1}.Release|x64.ActiveCfg = Release|x64
		{67BD6F04-8124-4ACD-8DBE-E00005ECD7D1}.Release|x64.Build.0 = Release|x64
		{67BD6F04-8124-4ACD-8DBE-E00005ECD7D1}.Release|x86.ActiveCfg = Release|Win32
		{67BD6F04-8124-4ACD-8DBE-E00005ECD7D1}.Release|x86.Build.0 = Release|Win32
		{9D4E585D-30BD-40AB-B04A-F46906B2F9BD}.Debug|x64.ActiveCfg = Debug|x64
		{9D4E585D-30BD-40AB-B04A-F46906B2F9BD}.Debug|x64.Build.0 = Debug|x64
		{9D4E585D-30BD-40AB-B04A-F46906B2F9BD}.Debug|x86.ActiveCfg = Debug|Win32
		{9D4E585D-30BD-40AB-B04A-F46906B2F9BD}.Debug|x86.Build.0 = Debug|Win32
		{9D4E585D-30BD-40AB-B04A-F46906B2F9BD}.Release|x64.ActiveCfg = Release|x64
		{9D4E585D-30BD-40AB-B04A-F46906B2F9BD}.Release|x64.Build.0 = Release|x64
		{9D4E585D-30BD-40AB-B04A-F46906B2F9BD}.Release|x86.ActiveCfg = Release|Win32
		{9D4E585D-30BD-40AB-B04A-F46906B2F9BD}.Release|x86.Build.0 = Release|Win32
		{70B8903F-B83D-4A64-8F42-40A246BA67DD}.Debug|x64.ActiveCfg = Debug|x64
		{70B8903F-B83D-4A64-8F42-40A246BA67DD}.Debug|x64.Build.0 = Debug|x64
		{70B8903F-B83D-4A64-8F42-40A246BA67DD}.Debug|x86.ActiveCfg = Debug|Win32
		{70B8903F-B83D-4A64-8F42-40A246BA67DD}.Debug|x86.Build.0 = Debug|Win32
		{70B8903F-B83D-4A64-8F42-40A246BA67DD}.Release|x64.ActiveCfg = Release|x64
		{70B8903F-B83D-4A64-8F42-40A246BA67DD}.Release|x64.Build.0 = Release|x64
		{70B8903F-B83D-4A64-8F42-40A246BA67DD}.Release|x86.ActiveCfg = Release|Win32
		{70B8903F-B83D-4A64-8F42-40A246BA67DD}.Release|x86.Build.0 = Release|Win32
		{C9F5E0B1-0BFD-4462-B4A7-10232CA6A7FA}.Debug|x64.ActiveCfg = Debug|x64
		{C9F5E0B1-0BFD-4462-B4A7-10232CA6A7FA}.Debug|x64.Build.0 = Debug|x64
		{C9F5E0B1-0BFD-4462-B4A7-10232CA6A7FA}.Debug|x86.ActiveCfg = Debug|Win32
		{C9F5E0B1-0BFD-4462-B4A7-10232CA6A7FA}.Debug|x86.Build.0 = Debug|Win32
		{C9F5E0B1-0BFD-4462-B4A7-10232CA6A7FA}.Release|x64.ActiveCfg = Release|x64
		{C9F5E0B1-0BFD-4462-B4A7-10232CA6A7FA}.Release|x64.Build.0 = Release|x64
		{C9F5E0B1-0BFD-4462-B4A7-10232CA6A7FA}.Release|x86.ActiveCfg = Release|Win32
		{C9F5E0B1-0BFD-4462-B4A7-10232CA6A7FA}.Release|x86.Build.0 = Release|Win32
		{040579B1-9848-4104-A257-B9003B4524E0}.Debug|x64.ActiveCfg = Debug|x64
		{040579B1-9848-4104-A257-B9003B4524E0}.Debug|x64.Build.0 = Debug|x64
		{040579B1-9848-4104-A257-B9003B4524E0}.Debug|x86.ActiveCfg = Debug|Win32
		{040579B1-9848-4104-A257-B9003B4524E0}.Debug|x86.Build.0 = Debug|Win32
		{040579B1-9848-4104-A257-B9003B4524E0}.Release|x64.ActiveCfg = Release|x64
		{040579B1-9848-4104-A257-B9003B4524E0}.Release|x64.Build.0 = Release|x64
		{040579B1-9848-4104-A257-B9003B4524E0}.Release|x86.ActiveCfg = Release|Win32
		{040579B1-9848-4104-A257-B9003B4524E0}.Release|x86.Build.0 = Release|Win32
		{C39970E1-3610-40D9-B91B-041CB9752F1A}.Debug|x64.ActiveCfg = Debug|x64
		{C39970E1-3610-40D9-B91B-041CB9752F1A}.Debug|x64.Build.0 = Debug|x64
		{C39970E1-3610-40D9-B91B-041CB9752F1A}.Debug|x86.ActiveCfg = Debug|Win32
		{C39970E1-3610-40D9-B91B-041CB9752F1A}.Debug|x86.Build.0 = Debug|Win32
		{C39970E1-3610-40D9-B91B-041CB9752F1A}.Release|x64.ActiveCfg = Release|x64
		{C39970E1-3610-40D9-B91B-041CB9752F1A}.Release|x64.Build.0 = Release|x64
		{C39970E1-3610-40D9-B91B-041CB9752F1A}.Release|x86.ActiveCfg = Release|Win32
		{C39970E1-3610-40D9-B91B-041CB9752F1A}.Release|x86.Build.0 = Release|Win32
		{63B8537A-8BC8-49C1-B8FE-C77BC4E907B8}.Debug|x64.ActiveCfg = Debug|x64
		{63B8537A-8BC8-49C1-B8FE-C77BC4E907B8}.Debug|x64.Build.0 = Debug|x64
		{63B8537A-8BC8-49C1-B8FE-C77BC4E907B8}.Debug|x86.ActiveCfg = Debug|Win32
		{63B8537A-8BC8-49C1-B8FE-C77BC4E907B8}.Debug|x86.Build.0 = Debug|Win32
		{63B8537A-8BC8-49C1-B8FE-C77BC4E907B8}.Release|x64.ActiveCfg = Release|x64
		{63B8537A-8BC8-49C1-B8FE-C77BC4E907B8}.Release|x64.Build.0 = Release|x64
		{63B8537A-8BC8-49C1-B8FE-C77BC4E907B8}.Release|x86.ActiveCfg = Release|Win32
		{63B8537A-8BC8-49C1-B8FE-C77BC4E907B8}.Release|x86.Build.0 = Release|Win32
		{9FDCAB47-DB9D-44F7-A40E-B56510731D10}.Debug|x64.ActiveCfg = Debug|x64
		{9FDCAB47-DB9D-44F7-A40E-B56510731D10}.Debug|x64.Build.0 = Debug|x64
		{9FDCAB47-DB9D-44F7-A40E-B56510731D10}.Debug|x86.ActiveCfg = Debug|Win32
		{9FDCAB47-DB9D-44F7-A40E-B56510731D10}.Debug|x86.Build.0 = Debug|Win32
		{9FDCAB47-DB9D-44F7-A40E-B56510731D10}.Release|x64.ActiveCfg = Release|x64
		{9FDCAB47-DB9D-44F7-A40E-B56510731D10}.Release|x64.Build.0 = Release|x64
		{9FDCAB47-DB9D-44F7-A40E-B56510731D10}.Release|x86.ActiveCfg = Release|Win32
		{9FDCAB47-DB9D-44F7-A40E-B56510731D10}.Release|x86.Build.0 = Release|Win32
		{8BB7243D-B687-46DE-8D4A-23BF896B3439}.Debug|x64.ActiveCfg = Debug|x64
		{8BB7243D-B687-46DE-8D4A-23BF896B3439}.Debug|x64.Build.0 = Debug|x64
		{8BB7243D-B687-46DE-8D4A-23BF896B3439}.Debug|x86.ActiveCfg = Debug|Win32
		{8BB7243D-B687-46DE-8D4A-23BF896B3439}.Debug|x86.Build.0 = Debug|Win32
		{8BB7243D-B687-46DE-8D4A-23BF896B3439}.Release|x64.ActiveCfg = Release|x64
		{8BB7243D-B687-46DE-8D4A-23BF896B3439}.Release|x64.Build.0 = Release|x64
		{8BB7243D-B687-46DE-8D4A-23BF896B3439}.Release|x86.ActiveCfg = Release|Win32
		{8BB7243D-B687-46DE-8D4A-23BF896B3439}.Release|x86.Build.0 = Release|Win32
		{1D28A719-E8B8-450D-B8B0-5B783363FD8E}.Debug|x64.ActiveCfg = Debug|x64
		{1D28A719-E8B8-450D-B8B0-5B783363FD8E}.Debug|x64.Build.0 = Debug|x64
		{1D28A719-E8B8-450D-B8B0-5B783363FD8E}.Debug|x86.ActiveCfg = Debug|Win32
		{1D28A719-E8B8-450D-B8B0-5B783363FD8E}.Debug|x86.Build.0 = Debug|Win32
		{1D28A719-E8B8-450D-B8B0-5B783363FD8E}.Release|x64.ActiveCfg = Release|x64
		{1D28A719-E8B8-450D-B8B0-5B783363FD8E}.Release|x64.Build.0 = Release|x64
		{1D28A719-E8B8-450D-B8B0-5B783363FD8E}.Release|x86.ActiveCfg = Release|Win32
		{1D28A719-E8B8-450D-B8B0-5B783363FD8E}.Release|x86.Build.0 = Release|Win32
		{E326AFE4-C72B-431B-864B-1A618AC2ECA8}.Debug|x64.ActiveCfg = Debug|x64
		{E326AFE4-C72B-431B-864B-1A618AC2ECA8}.Debug|x64.Build.0 = Debug|x64
		{E326AFE4-C72B-431B-864B-1A618AC2ECA8}.Debug|x86.ActiveCfg = Debug|Win32
		{E326AFE4-C72B-431B-864B-1A618AC2ECA8}.Debug|x86.Build.0 = Debug|Win32
		{E326AFE4-C72B-431B-864B-1A618AC2ECA8}.Release|x64.ActiveCfg = Release|x64
		{E326AFE4-C72B-431B-864B-1A618AC2ECA8}.Release|x64.Build.0 = Release|x64
		{E326AFE4-C72B-431B-864B-1A618AC2ECA8}.Release|x86.ActiveCfg = Release|Win32
		{E326AFE4-C72B-431B-864B-1A618AC2ECA8}.Release|x86.Build.0 = Release|Win32
	EndGlobalSection
	GlobalSection(SolutionProperties) = preSolution
		HideSolutionNode = FALSE
	EndGlobalSection
EndGlobal
