
Microsoft Visual Studio Solution File, Format Version 12.00
# Visual Studio 14
VisualStudioVersion = 14.0.25420.1
MinimumVisualStudioVersion = 10.0.40219.1
Project("{8BC9CEB8-8B4A-11D0-8D11-00A0C91BC942}") = "01_布局管理的实现", "01_布局管理的实现\01_布局管理的实现.vcxproj", "{7C8B506E-CFA7-4380-8738-C07DCD986E94}"
EndProject
Project("{8BC9CEB8-8B4A-11D0-8D11-00A0C91BC942}") = "02_文件IO操作", "02_文件IO操作\02_文件IO操作.vcxproj", "{67BD6F04-8124-4ACD-8DBE-E00005ECD7D1}"
EndProject
Project("{8BC9CEB8-8B4A-11D0-8D11-00A0C91BC942}") = "03_更换窗体背景", "03_更换窗体背景\03_更换窗体背景.vcxproj", "{9D4E585D-30BD-40AB-B04A-F46906B2F9BD}"
EndProject
Project("{8BC9CEB8-8B4A-11D0-8D11-00A0C91BC942}") = "04_启动新进程", "04_启动新进程\04_启动新进程.vcxproj", "{70B8903F-B83D-4A64-8F42-40A246BA67DD}"
EndProject
Project("{8BC9CEB8-8B4A-11D0-8D11-00A0C91BC942}") = "05_文本操作", "05_文本操作\05_文本操作.vcxproj", "{C9F5E0B1-0BFD-4462-B4A7-10232CA6A7FA}"
EndProject
Project("{8BC9CEB8-8B4A-11D0-8D11-00A0C91BC942}") = "06_01_DllDemo", "06_01_DllDemo\06_01_DllDemo.vcxproj", "{040579B1-9848-4104-A257-B9003B4524E0}"
EndProject
Project("{8BC9CEB8-8B4A-11D0-8D11-00A0C91BC942}") = "06_02_DllDemoTest", "06_02_DllDemoTest\06_02_DllDemoTest.vcxproj", "{C39970E1-3610-40D9-B91B-041CB9752F1A}"
EndProject
Project("{8BC9CEB8-8B4A-11D0-8D11-00A0C91BC942}") = "06_02_DllDemo2", "06_02_DllDemo2\06_02_DllDemo2.vcxproj", "{63B8537A-8BC8-49C1-B8FE-C77BC4E907B8}"
EndProject
Project("{8BC9CEB8-8B4A-11D0-8D11-00A0C91BC942}") = "07_01_替换鼠标指针", "07_01_替换鼠标指针\07_01_替换鼠标指针.vcxproj", "{9FDCAB47-DB9D-44F7-A40E-B56510731D10}"
EndProject
Project("{8BC9CEB8-8B4A-11D0-8D11-00A0C91BC942}") = "08_Demo_Ribbon", "08_Demo_Ribbon\08_Demo_Ribbon.vcxproj", "{8BB7243D-B687-46DE-8D4A-23BF896B3439}"
EndProject
Project("{8BC9CEB8-8B4A-11D0-8D11-00A0C91BC942}") = "09_Redo_Undo_Demo", "09_Redo_Undo_Demo\09_Redo_Undo_Demo.vcxproj", "{1D28A719-E8B8-450D-B8B0-5B783363FD8E}"
EndProject
Project("{8BC9CEB8-8B4A-11D0-8D11-00A0C91BC942}") = "10_CFile_CFileStatus", "10_CFile_CFileStatus\10_CFile_CFileStatus.vcxproj", "{E326AFE4-C72B-431B-864B-1A618AC2ECA8}"
EndProject
Project("{8BC9CEB8-8B4A-11D0-8D11-00A0C91BC942}") = "11_skinh_demo", "11_skinh_demo\11_skinh_demo.vcxproj", "{22156291-BF6F-42A2-82A2-DC1C22A4B970}"
EndProject
Project("{8BC9CEB8-8B4A-11D0-8D11-00A0C91BC942}") = "12_skin_magic_demo", "12_skin_magic_demo\12_skin_magic_demo.vcxproj", "{9639FA30-986D-4265-8568-90CA9C4A7219}"
EndProject
Project("{8BC9CEB8-8B4A-11D0-8D11-00A0C91BC942}") = "13_skin++_demo", "13_skin++_demo\13_skin++_demo.vcxproj", "{3B9B62B0-42A3-4E7E-BBCA-51AC0FD6BE3C}"
EndProject
Project("{8BC9CEB8-8B4A-11D0-8D11-00A0C91BC942}") = "14_01_CFlleDialog多选", "14_01_CFlleDialog多选\14_01_CFlleDialog多选.vcxproj", "{4217C4E3-85A4-4F38-BE83-5A3474056A57}"
EndProject
Project("{8BC9CEB8-8B4A-11D0-8D11-00A0C91BC942}") = "15_01_mmap_read", "15_01_mmap_read\15_01_mmap_read.vcxproj", "{4DF07AA7-000D-42A5-AFE4-56E370538AF8}"
EndProject
Project("{8BC9CEB8-8B4A-11D0-8D11-00A0C91BC942}") = "15_02_mmap_write", "15_02_mmap_write\15_02_mmap_write.vcxproj", "{76EA1449-04F2-488B-8C1C-13B10B259FBE}"
EndProject
Project("{8BC9CEB8-8B4A-11D0-8D11-00A0C91BC942}") = "06_03_LibDemo", "06_03_LibDemo\06_03_LibDemo.vcxproj", "{EBFA1588-455C-4A6D-9AC5-8E1407D8E416}"
EndProject
Project("{8BC9CEB8-8B4A-11D0-8D11-00A0C91BC942}") = "06_04_LibTestDemo", "06_04_LibTestDemo\06_04_LibTestDemo.vcxproj", "{E5DF5836-872B-41E0-9390-54ACF5B7275E}"
EndProject
Project("{8BC9CEB8-8B4A-11D0-8D11-00A0C91BC942}") = "16_01_pipe", "16_01_pipe\16_01_pipe.vcxproj", "{03DADC05-632A-4A45-B875-6EF64F7EB21C}"
EndProject
Project("{8BC9CEB8-8B4A-11D0-8D11-00A0C91BC942}") = "17_01_CTime", "17_01_CTime\17_01_CTime.vcxproj", "{744CA360-61ED-426A-8206-971E8795FB29}"
EndProject
Project("{8BC9CEB8-8B4A-11D0-8D11-00A0C91BC942}") = "18_01_RegEdit", "18_01_RegEdit\ReadAndWrite.vcxproj", "{10CFC025-AEDD-47B1-8473-8E1300DCD76C}"
EndProject
Global
	GlobalSection(SolutionConfigurationPlatforms) = preSolution
		Debug|x64 = Debug|x64
		Debug|x86 = Debug|x86
		Release|x64 = Release|x64
		Release|x86 = Release|x86
	EndGlobalSection
	GlobalSection(ProjectConfigurationPlatforms) = postSolution
		{7C8B506E-CFA7-4380-8738-C07DCD986E94}.Debug|x64.ActiveCfg = Debug|x64
		{7C8B506E-CFA7-4380-8738-C07DCD986E94}.Debug|x64.Build.0 = Debug|x64
		{7C8B506E-CFA7-4380-8738-C07DCD986E94}.Debug|x86.ActiveCfg = Debug|Win32
		{7C8B506E-CFA7-4380-8738-C07DCD986E94}.Debug|x86.Build.0 = Debug|Win32
		{7C8B506E-CFA7-4380-8738-C07DCD986E94}.Release|x64.ActiveCfg = Release|x64
		{7C8B506E-CFA7-4380-8738-C07DCD986E94}.Release|x64.Build.0 = Release|x64
		{7C8B506E-CFA7-4380-8738-C07DCD986E94}.Release|x86.ActiveCfg = Release|Win32
		{7C8B506E-CFA7-4380-8738-C07DCD986E94}.Release|x86.Build.0 = Release|Win32
		{67BD6F04-8124-4ACD-8DBE-E00005ECD7D1}.Debug|x64.ActiveCfg = Debug|x64
		{67BD6F04-8124-4ACD-8DBE-E00005ECD7D1}.Debug|x64.Build.0 = Debug|x64
		{67BD6F04-8124-4ACD-8DBE-E00005ECD7D1}.Debug|x86.ActiveCfg = Debug|Win32
		{67BD6F04-8124-4ACD-8DBE-E00005ECD7D1}.Debug|x86.Build.0 = Debug|Win32
		{67BD6F04-8124-4ACD-8DBE-E00005ECD7D1}.Release|x64.ActiveCfg = Release|x64
		{67BD6F04-8124-4ACD-8DBE-E00005ECD7D1}.Release|x64.Build.0 = Release|x64
		{67BD6F04-8124-4ACD-8DBE-E00005ECD7D1}.Release|x86.ActiveCfg = Release|Win32
		{67BD6F04-8124-4ACD-8DBE-E00005ECD7D1}.Release|x86.Build.0 = Release|Win32
		{9D4E585D-30BD-40AB-B04A-F46906B2F9BD}.Debug|x64.ActiveCfg = Debug|x64
		{9D4E585D-30BD-40AB-B04A-F46906B2F9BD}.Debug|x64.Build.0 = Debug|x64
		{9D4E585D-30BD-40AB-B04A-F46906B2F9BD}.Debug|x86.ActiveCfg = Debug|Win32
		{9D4E585D-30BD-40AB-B04A-F46906B2F9BD}.Debug|x86.Build.0 = Debug|Win32
		{9D4E585D-30BD-40AB-B04A-F46906B2F9BD}.Release|x64.ActiveCfg = Release|x64
		{9D4E585D-30BD-40AB-B04A-F46906B2F9BD}.Release|x64.Build.0 = Release|x64
		{9D4E585D-30BD-40AB-B04A-F46906B2F9BD}.Release|x86.ActiveCfg = Release|Win32
		{9D4E585D-30BD-40AB-B04A-F46906B2F9BD}.Release|x86.Build.0 = Release|Win32
		{70B8903F-B83D-4A64-8F42-40A246BA67DD}.Debug|x64.ActiveCfg = Debug|x64
		{70B8903F-B83D-4A64-8F42-40A246BA67DD}.Debug|x64.Build.0 = Debug|x64
		{70B8903F-B83D-4A64-8F42-40A246BA67DD}.Debug|x86.ActiveCfg = Debug|Win32
		{70B8903F-B83D-4A64-8F42-40A246BA67DD}.Debug|x86.Build.0 = Debug|Win32
		{70B8903F-B83D-4A64-8F42-40A246BA67DD}.Release|x64.ActiveCfg = Release|x64
		{70B8903F-B83D-4A64-8F42-40A246BA67DD}.Release|x64.Build.0 = Release|x64
		{70B8903F-B83D-4A64-8F42-40A246BA67DD}.Release|x86.ActiveCfg = Release|Win32
		{70B8903F-B83D-4A64-8F42-40A246BA67DD}.Release|x86.Build.0 = Release|Win32
		{C9F5E0B1-0BFD-4462-B4A7-10232CA6A7FA}.Debug|x64.ActiveCfg = Debug|x64
		{C9F5E0B1-0BFD-4462-B4A7-10232CA6A7FA}.Debug|x64.Build.0 = Debug|x64
		{C9F5E0B1-0BFD-4462-B4A7-10232CA6A7FA}.Debug|x86.ActiveCfg = Debug|Win32
		{C9F5E0B1-0BFD-4462-B4A7-10232CA6A7FA}.Debug|x86.Build.0 = Debug|Win32
		{C9F5E0B1-0BFD-4462-B4A7-10232CA6A7FA}.Release|x64.ActiveCfg = Release|x64
		{C9F5E0B1-0BFD-4462-B4A7-10232CA6A7FA}.Release|x64.Build.0 = Release|x64
		{C9F5E0B1-0BFD-4462-B4A7-10232CA6A7FA}.Release|x86.ActiveCfg = Release|Win32
		{C9F5E0B1-0BFD-4462-B4A7-10232CA6A7FA}.Release|x86.Build.0 = Release|Win32
		{040579B1-9848-4104-A257-B9003B4524E0}.Debug|x64.ActiveCfg = Debug|x64
		{040579B1-9848-4104-A257-B9003B4524E0}.Debug|x64.Build.0 = Debug|x64
		{040579B1-9848-4104-A257-B9003B4524E0}.Debug|x86.ActiveCfg = Debug|Win32
		{040579B1-9848-4104-A257-B9003B4524E0}.Debug|x86.Build.0 = Debug|Win32
		{040579B1-9848-4104-A257-B9003B4524E0}.Release|x64.ActiveCfg = Release|x64
		{040579B1-9848-4104-A257-B9003B4524E0}.Release|x64.Build.0 = Release|x64
		{040579B1-9848-4104-A257-B9003B4524E0}.Release|x86.ActiveCfg = Release|Win32
		{040579B1-9848-4104-A257-B9003B4524E0}.Release|x86.Build.0 = Release|Win32
		{C39970E1-3610-40D9-B91B-041CB9752F1A}.Debug|x64.ActiveCfg = Debug|x64
		{C39970E1-3610-40D9-B91B-041CB9752F1A}.Debug|x64.Build.0 = Debug|x64
		{C39970E1-3610-40D9-B91B-041CB9752F1A}.Debug|x86.ActiveCfg = Debug|Win32
		{C39970E1-3610-40D9-B91B-041CB9752F1A}.Debug|x86.Build.0 = Debug|Win32
		{C39970E1-3610-40D9-B91B-041CB9752F1A}.Release|x64.ActiveCfg = Release|x64
		{C39970E1-3610-40D9-B91B-041CB9752F1A}.Release|x64.Build.0 = Release|x64
		{C39970E1-3610-40D9-B91B-041CB9752F1A}.Release|x86.ActiveCfg = Release|Win32
		{C39970E1-3610-40D9-B91B-041CB9752F1A}.Release|x86.Build.0 = Release|Win32
		{63B8537A-8BC8-49C1-B8FE-C77BC4E907B8}.Debug|x64.ActiveCfg = Debug|x64
		{63B8537A-8BC8-49C1-B8FE-C77BC4E907B8}.Debug|x64.Build.0 = Debug|x64
		{63B8537A-8BC8-49C1-B8FE-C77BC4E907B8}.Debug|x86.ActiveCfg = Debug|Win32
		{63B8537A-8BC8-49C1-B8FE-C77BC4E907B8}.Debug|x86.Build.0 = Debug|Win32
		{63B8537A-8BC8-49C1-B8FE-C77BC4E907B8}.Release|x64.ActiveCfg = Release|x64
		{63B8537A-8BC8-49C1-B8FE-C77BC4E907B8}.Release|x64.Build.0 = Release|x64
		{63B8537A-8BC8-49C1-B8FE-C77BC4E907B8}.Release|x86.ActiveCfg = Release|Win32
		{63B8537A-8BC8-49C1-B8FE-C77BC4E907B8}.Release|x86.Build.0 = Release|Win32
		{9FDCAB47-DB9D-44F7-A40E-B56510731D10}.Debug|x64.ActiveCfg = Debug|x64
		{9FDCAB47-DB9D-44F7-A40E-B56510731D10}.Debug|x64.Build.0 = Debug|x64
		{9FDCAB47-DB9D-44F7-A40E-B56510731D10}.Debug|x86.ActiveCfg = Debug|Win32
		{9FDCAB47-DB9D-44F7-A40E-B56510731D10}.Debug|x86.Build.0 = Debug|Win32
		{9FDCAB47-DB9D-44F7-A40E-B56510731D10}.Release|x64.ActiveCfg = Release|x64
		{9FDCAB47-DB9D-44F7-A40E-B56510731D10}.Release|x64.Build.0 = Release|x64
		{9FDCAB47-DB9D-44F7-A40E-B56510731D10}.Release|x86.ActiveCfg = Release|Win32
		{9FDCAB47-DB9D-44F7-A40E-B56510731D10}.Release|x86.Build.0 = Release|Win32
		{8BB7243D-B687-46DE-8D4A-23BF896B3439}.Debug|x64.ActiveCfg = Debug|x64
		{8BB7243D-B687-46DE-8D4A-23BF896B3439}.Debug|x64.Build.0 = Debug|x64
		{8BB7243D-B687-46DE-8D4A-23BF896B3439}.Debug|x86.ActiveCfg = Debug|Win32
		{8BB7243D-B687-46DE-8D4A-23BF896B3439}.Debug|x86.Build.0 = Debug|Win32
		{8BB7243D-B687-46DE-8D4A-23BF896B3439}.Release|x64.ActiveCfg = Release|x64
		{8BB7243D-B687-46DE-8D4A-23BF896B3439}.Release|x64.Build.0 = Release|x64
		{8BB7243D-B687-46DE-8D4A-23BF896B3439}.Release|x86.ActiveCfg = Release|Win32
		{8BB7243D-B687-46DE-8D4A-23BF896B3439}.Release|x86.Build.0 = Release|Win32
		{1D28A719-E8B8-450D-B8B0-5B783363FD8E}.Debug|x64.ActiveCfg = Debug|x64
		{1D28A719-E8B8-450D-B8B0-5B783363FD8E}.Debug|x64.Build.0 = Debug|x64
		{1D28A719-E8B8-450D-B8B0-5B783363FD8E}.Debug|x86.ActiveCfg = Debug|Win32
		{1D28A719-E8B8-450D-B8B0-5B783363FD8E}.Debug|x86.Build.0 = Debug|Win32
		{1D28A719-E8B8-450D-B8B0-5B783363FD8E}.Release|x64.ActiveCfg = Release|x64
		{1D28A719-E8B8-450D-B8B0-5B783363FD8E}.Release|x64.Build.0 = Release|x64
		{1D28A719-E8B8-450D-B8B0-5B783363FD8E}.Release|x86.ActiveCfg = Release|Win32
		{1D28A719-E8B8-450D-B8B0-5B783363FD8E}.Release|x86.Build.0 = Release|Win32
		{E326AFE4-C72B-431B-864B-1A618AC2ECA8}.Debug|x64.ActiveCfg = Debug|x64
		{E326AFE4-C72B-431B-864B-1A618AC2ECA8}.Debug|x64.Build.0 = Debug|x64
		{E326AFE4-C72B-431B-864B-1A618AC2ECA8}.Debug|x86.ActiveCfg = Debug|Win32
		{E326AFE4-C72B-431B-864B-1A618AC2ECA8}.Debug|x86.Build.0 = Debug|Win32
		{E326AFE4-C72B-431B-864B-1A618AC2ECA8}.Release|x64.ActiveCfg = Release|x64
		{E326AFE4-C72B-431B-864B-1A618AC2ECA8}.Release|x64.Build.0 = Release|x64
		{E326AFE4-C72B-431B-864B-1A618AC2ECA8}.Release|x86.ActiveCfg = Release|Win32
		{E326AFE4-C72B-431B-864B-1A618AC2ECA8}.Release|x86.Build.0 = Release|Win32
		{22156291-BF6F-42A2-82A2-DC1C22A4B970}.Debug|x64.ActiveCfg = Debug|x64
		{22156291-BF6F-42A2-82A2-DC1C22A4B970}.Debug|x64.Build.0 = Debug|x64
		{22156291-BF6F-42A2-82A2-DC1C22A4B970}.Debug|x86.ActiveCfg = Debug|Win32
		{22156291-BF6F-42A2-82A2-DC1C22A4B970}.Debug|x86.Build.0 = Debug|Win32
		{22156291-BF6F-42A2-82A2-DC1C22A4B970}.Release|x64.ActiveCfg = Release|x64
		{22156291-BF6F-42A2-82A2-DC1C22A4B970}.Release|x64.Build.0 = Release|x64
		{22156291-BF6F-42A2-82A2-DC1C22A4B970}.Release|x86.ActiveCfg = Release|Win32
		{22156291-BF6F-42A2-82A2-DC1C22A4B970}.Release|x86.Build.0 = Release|Win32
		{9639FA30-986D-4265-8568-90CA9C4A7219}.Debug|x64.ActiveCfg = Debug|x64
		{9639FA30-986D-4265-8568-90CA9C4A7219}.Debug|x64.Build.0 = Debug|x64
		{9639FA30-986D-4265-8568-90CA9C4A7219}.Debug|x86.ActiveCfg = Debug|Win32
		{9639FA30-986D-4265-8568-90CA9C4A7219}.Debug|x86.Build.0 = Debug|Win32
		{9639FA30-986D-4265-8568-90CA9C4A7219}.Release|x64.ActiveCfg = Release|x64
		{9639FA30-986D-4265-8568-90CA9C4A7219}.Release|x64.Build.0 = Release|x64
		{9639FA30-986D-4265-8568-90CA9C4A7219}.Release|x86.ActiveCfg = Release|Win32
		{9639FA30-986D-4265-8568-90CA9C4A7219}.Release|x86.Build.0 = Release|Win32
		{3B9B62B0-42A3-4E7E-BBCA-51AC0FD6BE3C}.Debug|x64.ActiveCfg = Debug|x64
		{3B9B62B0-42A3-4E7E-BBCA-51AC0FD6BE3C}.Debug|x64.Build.0 = Debug|x64
		{3B9B62B0-42A3-4E7E-BBCA-51AC0FD6BE3C}.Debug|x86.ActiveCfg = Debug|Win32
		{3B9B62B0-42A3-4E7E-BBCA-51AC0FD6BE3C}.Debug|x86.Build.0 = Debug|Win32
		{3B9B62B0-42A3-4E7E-BBCA-51AC0FD6BE3C}.Release|x64.ActiveCfg = Release|x64
		{3B9B62B0-42A3-4E7E-BBCA-51AC0FD6BE3C}.Release|x64.Build.0 = Release|x64
		{3B9B62B0-42A3-4E7E-BBCA-51AC0FD6BE3C}.Release|x86.ActiveCfg = Release|Win32
		{3B9B62B0-42A3-4E7E-BBCA-51AC0FD6BE3C}.Release|x86.Build.0 = Release|Win32
		{4217C4E3-85A4-4F38-BE83-5A3474056A57}.Debug|x64.ActiveCfg = Debug|x64
		{4217C4E3-85A4-4F38-BE83-5A3474056A57}.Debug|x64.Build.0 = Debug|x64
		{4217C4E3-85A4-4F38-BE83-5A3474056A57}.Debug|x86.ActiveCfg = Debug|Win32
		{4217C4E3-85A4-4F38-BE83-5A3474056A57}.Debug|x86.Build.0 = Debug|Win32
		{4217C4E3-85A4-4F38-BE83-5A3474056A57}.Release|x64.ActiveCfg = Release|x64
		{4217C4E3-85A4-4F38-BE83-5A3474056A57}.Release|x64.Build.0 = Release|x64
		{4217C4E3-85A4-4F38-BE83-5A3474056A57}.Release|x86.ActiveCfg = Release|Win32
		{4217C4E3-85A4-4F38-BE83-5A3474056A57}.Release|x86.Build.0 = Release|Win32
		{4DF07AA7-000D-42A5-AFE4-56E370538AF8}.Debug|x64.ActiveCfg = Debug|x64
		{4DF07AA7-000D-42A5-AFE4-56E370538AF8}.Debug|x64.Build.0 = Debug|x64
		{4DF07AA7-000D-42A5-AFE4-56E370538AF8}.Debug|x86.ActiveCfg = Debug|Win32
		{4DF07AA7-000D-42A5-AFE4-56E370538AF8}.Debug|x86.Build.0 = Debug|Win32
		{4DF07AA7-000D-42A5-AFE4-56E370538AF8}.Release|x64.ActiveCfg = Release|x64
		{4DF07AA7-000D-42A5-AFE4-56E370538AF8}.Release|x64.Build.0 = Release|x64
		{4DF07AA7-000D-42A5-AFE4-56E370538AF8}.Release|x86.ActiveCfg = Release|Win32
		{4DF07AA7-000D-42A5-AFE4-56E370538AF8}.Release|x86.Build.0 = Release|Win32
		{76EA1449-04F2-488B-8C1C-13B10B259FBE}.Debug|x64.ActiveCfg = Debug|x64
		{76EA1449-04F2-488B-8C1C-13B10B259FBE}.Debug|x64.Build.0 = Debug|x64
		{76EA1449-04F2-488B-8C1C-13B10B259FBE}.Debug|x86.ActiveCfg = Debug|Win32
		{76EA1449-04F2-488B-8C1C-13B10B259FBE}.Debug|x86.Build.0 = Debug|Win32
		{76EA1449-04F2-488B-8C1C-13B10B259FBE}.Release|x64.ActiveCfg = Release|x64
		{76EA1449-04F2-488B-8C1C-13B10B259FBE}.Release|x64.Build.0 = Release|x64
		{76EA1449-04F2-488B-8C1C-13B10B259FBE}.Release|x86.ActiveCfg = Release|Win32
		{76EA1449-04F2-488B-8C1C-13B10B259FBE}.Release|x86.Build.0 = Release|Win32
		{EBFA1588-455C-4A6D-9AC5-8E1407D8E416}.Debug|x64.ActiveCfg = Debug|x64
		{EBFA1588-455C-4A6D-9AC5-8E1407D8E416}.Debug|x64.Build.0 = Debug|x64
		{EBFA1588-455C-4A6D-9AC5-8E1407D8E416}.Debug|x86.ActiveCfg = Debug|Win32
		{EBFA1588-455C-4A6D-9AC5-8E1407D8E416}.Debug|x86.Build.0 = Debug|Win32
		{EBFA1588-455C-4A6D-9AC5-8E1407D8E416}.Release|x64.ActiveCfg = Release|x64
		{EBFA1588-455C-4A6D-9AC5-8E1407D8E416}.Release|x64.Build.0 = Release|x64
		{EBFA1588-455C-4A6D-9AC5-8E1407D8E416}.Release|x86.ActiveCfg = Release|Win32
		{EBFA1588-455C-4A6D-9AC5-8E1407D8E416}.Release|x86.Build.0 = Release|Win32
		{E5DF5836-872B-41E0-9390-54ACF5B7275E}.Debug|x64.ActiveCfg = Debug|x64
		{E5DF5836-872B-41E0-9390-54ACF5B7275E}.Debug|x64.Build.0 = Debug|x64
		{E5DF5836-872B-41E0-9390-54ACF5B7275E}.Debug|x86.ActiveCfg = Debug|Win32
		{E5DF5836-872B-41E0-9390-54ACF5B7275E}.Debug|x86.Build.0 = Debug|Win32
		{E5DF5836-872B-41E0-9390-54ACF5B7275E}.Release|x64.ActiveCfg = Release|x64
		{E5DF5836-872B-41E0-9390-54ACF5B7275E}.Release|x64.Build.0 = Release|x64
		{E5DF5836-872B-41E0-9390-54ACF5B7275E}.Release|x86.ActiveCfg = Release|Win32
		{E5DF5836-872B-41E0-9390-54ACF5B7275E}.Release|x86.Build.0 = Release|Win32
		{03DADC05-632A-4A45-B875-6EF64F7EB21C}.Debug|x64.ActiveCfg = Debug|x64
		{03DADC05-632A-4A45-B875-6EF64F7EB21C}.Debug|x64.Build.0 = Debug|x64
		{03DADC05-632A-4A45-B875-6EF64F7EB21C}.Debug|x86.ActiveCfg = Debug|Win32
		{03DADC05-632A-4A45-B875-6EF64F7EB21C}.Debug|x86.Build.0 = Debug|Win32
		{03DADC05-632A-4A45-B875-6EF64F7EB21C}.Release|x64.ActiveCfg = Release|x64
		{03DADC05-632A-4A45-B875-6EF64F7EB21C}.Release|x64.Build.0 = Release|x64
		{03DADC05-632A-4A45-B875-6EF64F7EB21C}.Release|x86.ActiveCfg = Release|Win32
		{03DADC05-632A-4A45-B875-6EF64F7EB21C}.Release|x86.Build.0 = Release|Win32
		{744CA360-61ED-426A-8206-971E8795FB29}.Debug|x64.ActiveCfg = Debug|x64
		{744CA360-61ED-426A-8206-971E8795FB29}.Debug|x64.Build.0 = Debug|x64
		{744CA360-61ED-426A-8206-971E8795FB29}.Debug|x86.ActiveCfg = Debug|Win32
		{744CA360-61ED-426A-8206-971E8795FB29}.Debug|x86.Build.0 = Debug|Win32
		{744CA360-61ED-426A-8206-971E8795FB29}.Release|x64.ActiveCfg = Release|x64
		{744CA360-61ED-426A-8206-971E8795FB29}.Release|x64.Build.0 = Release|x64
		{744CA360-61ED-426A-8206-971E8795FB29}.Release|x86.ActiveCfg = Release|Win32
		{744CA360-61ED-426A-8206-971E8795FB29}.Release|x86.Build.0 = Release|Win32
		{10CFC025-AEDD-47B1-8473-8E1300DCD76C}.Debug|x64.ActiveCfg = Debug|x64
		{10CFC025-AEDD-47B1-8473-8E1300DCD76C}.Debug|x64.Build.0 = Debug|x64
		{10CFC025-AEDD-47B1-8473-8E1300DCD76C}.Debug|x86.ActiveCfg = Debug|Win32
		{10CFC025-AEDD-47B1-8473-8E1300DCD76C}.Debug|x86.Build.0 = Debug|Win32
		{10CFC025-AEDD-47B1-8473-8E1300DCD76C}.Release|x64.ActiveCfg = Release|x64
		{10CFC025-AEDD-47B1-8473-8E1300DCD76C}.Release|x64.Build.0 = Release|x64
		{10CFC025-AEDD-47B1-8473-8E1300DCD76C}.Release|x86.ActiveCfg = Release|Win32
		{10CFC025-AEDD-47B1-8473-8E1300DCD76C}.Release|x86.Build.0 = Release|Win32
	EndGlobalSection
	GlobalSection(SolutionProperties) = preSolution
		HideSolutionNode = FALSE
	EndGlobalSection
EndGlobal
